// !$*UTF8*$!
{
	archiveVersion = 1;
	classes = {
	};
	objectVersion = 50;
	objects = {

/* Begin PBXBuildFile section */
		40F1ECE70B0EFE01F612F80B /* Pods_LoToDo2.framework in Frameworks */ = {isa = PBXBuildFile; fileRef = B8C7836A8D735C914A68E06E /* Pods_LoToDo2.framework */; };
		9544A9E620D9790E009E2C57 /* DataModel.xcdatamodeld in Sources */ = {isa = PBXBuildFile; fileRef = 9544A9E420D9790E009E2C57 /* DataModel.xcdatamodeld */; };
		954D272A20AB023800A05F8C /* AppDelegate.swift in Sources */ = {isa = PBXBuildFile; fileRef = 954D272920AB023800A05F8C /* AppDelegate.swift */; };
		954D272C20AB023800A05F8C /* ToDoListViewController.swift in Sources */ = {isa = PBXBuildFile; fileRef = 954D272B20AB023800A05F8C /* ToDoListViewController.swift */; };
		954D272F20AB023800A05F8C /* Main.storyboard in Resources */ = {isa = PBXBuildFile; fileRef = 954D272D20AB023800A05F8C /* Main.storyboard */; };
		954D273120AB023900A05F8C /* Assets.xcassets in Resources */ = {isa = PBXBuildFile; fileRef = 954D273020AB023900A05F8C /* Assets.xcassets */; };
		954D273420AB023900A05F8C /* LaunchScreen.storyboard in Resources */ = {isa = PBXBuildFile; fileRef = 954D273220AB023900A05F8C /* LaunchScreen.storyboard */; };
		95BF6D5120FCBC4200AA270F /* CategoryTableViewController.swift in Sources */ = {isa = PBXBuildFile; fileRef = 95BF6D5020FCBC4200AA270F /* CategoryTableViewController.swift */; };
/* End PBXBuildFile section */

/* Begin PBXFileReference section */
		689834793B59641BA3BE5B4C /* Pods-LoToDo2.debug.xcconfig */ = {isa = PBXFileReference; includeInIndex = 1; lastKnownFileType = text.xcconfig; name = "Pods-LoToDo2.debug.xcconfig"; path = "Pods/Target Support Files/Pods-LoToDo2/Pods-LoToDo2.debug.xcconfig"; sourceTree = "<group>"; };
		9544A9E520D9790E009E2C57 /* DataModel.xcdatamodel */ = {isa = PBXFileReference; lastKnownFileType = wrapper.xcdatamodel; path = DataModel.xcdatamodel; sourceTree = "<group>"; };
		954D272620AB023800A05F8C /* LoToDo2.app */ = {isa = PBXFileReference; explicitFileType = wrapper.application; includeInIndex = 0; path = LoToDo2.app; sourceTree = BUILT_PRODUCTS_DIR; };
		954D272920AB023800A05F8C /* AppDelegate.swift */ = {isa = PBXFileReference; lastKnownFileType = sourcecode.swift; path = AppDelegate.swift; sourceTree = "<group>"; };
		954D272B20AB023800A05F8C /* ToDoListViewController.swift */ = {isa = PBXFileReference; lastKnownFileType = sourcecode.swift; path = ToDoListViewController.swift; sourceTree = "<group>"; };
		954D272E20AB023800A05F8C /* Base */ = {isa = PBXFileReference; lastKnownFileType = file.storyboard; name = Base; path = Base.lproj/Main.storyboard; sourceTree = "<group>"; };
		954D273020AB023900A05F8C /* Assets.xcassets */ = {isa = PBXFileReference; lastKnownFileType = folder.assetcatalog; path = Assets.xcassets; sourceTree = "<group>"; };
		954D273320AB023900A05F8C /* Base */ = {isa = PBXFileReference; lastKnownFileType = file.storyboard; name = Base; path = Base.lproj/LaunchScreen.storyboard; sourceTree = "<group>"; };
		954D273520AB023900A05F8C /* Info.plist */ = {isa = PBXFileReference; lastKnownFileType = text.plist.xml; path = Info.plist; sourceTree = "<group>"; };
		95BF6D5020FCBC4200AA270F /* CategoryTableViewController.swift */ = {isa = PBXFileReference; lastKnownFileType = sourcecode.swift; path = CategoryTableViewController.swift; sourceTree = "<group>"; };
		B8C7836A8D735C914A68E06E /* Pods_LoToDo2.framework */ = {isa = PBXFileReference; explicitFileType = wrapper.framework; includeInIndex = 0; path = Pods_LoToDo2.framework; sourceTree = BUILT_PRODUCTS_DIR; };
		BCCD5353810572447E20DEA9 /* Pods-LoToDo2.release.xcconfig */ = {isa = PBXFileReference; includeInIndex = 1; lastKnownFileType = text.xcconfig; name = "Pods-LoToDo2.release.xcconfig"; path = "Pods/Target Support Files/Pods-LoToDo2/Pods-LoToDo2.release.xcconfig"; sourceTree = "<group>"; };
/* End PBXFileReference section */

/* Begin PBXFrameworksBuildPhase section */
		954D272320AB023800A05F8C /* Frameworks */ = {
			isa = PBXFrameworksBuildPhase;
			buildActionMask = 2147483647;
			files = (
				40F1ECE70B0EFE01F612F80B /* Pods_LoToDo2.framework in Frameworks */,
			);
			runOnlyForDeploymentPostprocessing = 0;
		};
/* End PBXFrameworksBuildPhase section */

/* Begin PBXGroup section */
		954D271D20AB023800A05F8C = {
			isa = PBXGroup;
			children = (
				954D272820AB023800A05F8C /* LoToDo2 */,
				954D272720AB023800A05F8C /* Products */,
				F54404CA4D76020531214BC1 /* Pods */,
				EF8F76978A6F4F9CEC981783 /* Frameworks */,
			);
			sourceTree = "<group>";
		};
		954D272720AB023800A05F8C /* Products */ = {
			isa = PBXGroup;
			children = (
				954D272620AB023800A05F8C /* LoToDo2.app */,
			);
			name = Products;
			sourceTree = "<group>";
		};
		954D272820AB023800A05F8C /* LoToDo2 */ = {
			isa = PBXGroup;
			children = (
				954D272920AB023800A05F8C /* AppDelegate.swift */,
				95F6FCDC20D81ADB006E1471 /* Controllers */,
				95F6FCDB20D81AC1006E1471 /* Data Model */,
				95F6FCDD20D81AE5006E1471 /* Views */,
				95F6FCDE20D81B0D006E1471 /* Supporting Files */,
				954D273520AB023900A05F8C /* Info.plist */,
			);
			path = LoToDo2;
			sourceTree = "<group>";
		};
		95F6FCDB20D81AC1006E1471 /* Data Model */ = {
			isa = PBXGroup;
			children = (
				9544A9E420D9790E009E2C57 /* DataModel.xcdatamodeld */,
			);
			path = "Data Model";
			sourceTree = "<group>";
		};
		95F6FCDC20D81ADB006E1471 /* Controllers */ = {
			isa = PBXGroup;
			children = (
				95BF6D5020FCBC4200AA270F /* CategoryTableViewController.swift */,
				954D272B20AB023800A05F8C /* ToDoListViewController.swift */,
			);
			path = Controllers;
			sourceTree = "<group>";
		};
		95F6FCDD20D81AE5006E1471 /* Views */ = {
			isa = PBXGroup;
			children = (
				954D272D20AB023800A05F8C /* Main.storyboard */,
			);
			path = Views;
			sourceTree = "<group>";
		};
		95F6FCDE20D81B0D006E1471 /* Supporting Files */ = {
			isa = PBXGroup;
			children = (
				954D273020AB023900A05F8C /* Assets.xcassets */,
				954D273220AB023900A05F8C /* LaunchScreen.storyboard */,
			);
			path = "Supporting Files";
			sourceTree = "<group>";
		};
		EF8F76978A6F4F9CEC981783 /* Frameworks */ = {
			isa = PBXGroup;
			children = (
				B8C7836A8D735C914A68E06E /* Pods_LoToDo2.framework */,
			);
			name = Frameworks;
			sourceTree = "<group>";
		};
		F54404CA4D76020531214BC1 /* Pods */ = {
			isa = PBXGroup;
			children = (
				689834793B59641BA3BE5B4C /* Pods-LoToDo2.debug.xcconfig */,
				BCCD5353810572447E20DEA9 /* Pods-LoToDo2.release.xcconfig */,
			);
			name = Pods;
			sourceTree = "<group>";
		};
/* End PBXGroup section */

/* Begin PBXNativeTarget section */
		954D272520AB023800A05F8C /* LoToDo2 */ = {
			isa = PBXNativeTarget;
			buildConfigurationList = 954D273820AB023900A05F8C /* Build configuration list for PBXNativeTarget "LoToDo2" */;
			buildPhases = (
				6019CAFD16B42E29FF3A5103 /* [CP] Check Pods Manifest.lock */,
				954D272220AB023800A05F8C /* Sources */,
				954D272320AB023800A05F8C /* Frameworks */,
				954D272420AB023800A05F8C /* Resources */,
				4608EFC09B5E5D048E6D615F /* [CP] Embed Pods Frameworks */,
				7DC4E88FC9BE29822A6086EB /* [CP] Copy Pods Resources */,
			);
			buildRules = (
			);
			dependencies = (
			);
			name = LoToDo2;
			productName = LoToDo2;
			productReference = 954D272620AB023800A05F8C /* LoToDo2.app */;
			productType = "com.apple.product-type.application";
		};
/* End PBXNativeTarget section */

/* Begin PBXProject section */
		954D271E20AB023800A05F8C /* Project object */ = {
			isa = PBXProject;
			attributes = {
				LastSwiftUpdateCheck = 0930;
				LastUpgradeCheck = 0930;
				ORGANIZATIONNAME = "Brady Simmons";
				TargetAttributes = {
					954D272520AB023800A05F8C = {
						CreatedOnToolsVersion = 9.3;
					};
				};
			};
			buildConfigurationList = 954D272120AB023800A05F8C /* Build configuration list for PBXProject "LoToDo2" */;
			compatibilityVersion = "Xcode 9.3";
			developmentRegion = en;
			hasScannedForEncodings = 0;
			knownRegions = (
				en,
				Base,
			);
			mainGroup = 954D271D20AB023800A05F8C;
			productRefGroup = 954D272720AB023800A05F8C /* Products */;
			projectDirPath = "";
			projectRoot = "";
			targets = (
				954D272520AB023800A05F8C /* LoToDo2 */,
			);
		};
/* End PBXProject section */

/* Begin PBXResourcesBuildPhase section */
		954D272420AB023800A05F8C /* Resources */ = {
			isa = PBXResourcesBuildPhase;
			buildActionMask = 2147483647;
			files = (
				954D273420AB023900A05F8C /* LaunchScreen.storyboard in Resources */,
				954D273120AB023900A05F8C /* Assets.xcassets in Resources */,
				954D272F20AB023800A05F8C /* Main.storyboard in Resources */,
			);
			runOnlyForDeploymentPostprocessing = 0;
		};
/* End PBXResourcesBuildPhase section */

/* Begin PBXShellScriptBuildPhase section */
		4608EFC09B5E5D048E6D615F /* [CP] Embed Pods Frameworks */ = {
			isa = PBXShellScriptBuildPhase;
			buildActionMask = 2147483647;
			files = (
			);
			inputPaths = (
				"${SRCROOT}/Pods/Target Support Files/Pods-LoToDo2/Pods-LoToDo2-frameworks.sh",
				"${BUILT_PRODUCTS_DIR}/Realm/Realm.framework",
				"${BUILT_PRODUCTS_DIR}/RealmSwift/RealmSwift.framework",
			);
			name = "[CP] Embed Pods Frameworks";
			outputPaths = (
				"${TARGET_BUILD_DIR}/${FRAMEWORKS_FOLDER_PATH}/Realm.framework",
				"${TARGET_BUILD_DIR}/${FRAMEWORKS_FOLDER_PATH}/RealmSwift.framework",
			);
			runOnlyForDeploymentPostprocessing = 0;
			shellPath = /bin/sh;
			shellScript = "\"${SRCROOT}/Pods/Target Support Files/Pods-LoToDo2/Pods-LoToDo2-frameworks.sh\"\n";
			showEnvVarsInLog = 0;
		};
		6019CAFD16B42E29FF3A5103 /* [CP] Check Pods Manifest.lock */ = {
			isa = PBXShellScriptBuildPhase;
			buildActionMask = 2147483647;
			files = (
			);
			inputPaths = (
				"${PODS_PODFILE_DIR_PATH}/Podfile.lock",
				"${PODS_ROOT}/Manifest.lock",
			);
			name = "[CP] Check Pods Manifest.lock";
			outputPaths = (
				"$(DERIVED_FILE_DIR)/Pods-LoToDo2-checkManifestLockResult.txt",
			);
			runOnlyForDeploymentPostprocessing = 0;
			shellPath = /bin/sh;
			shellScript = "diff \"${PODS_PODFILE_DIR_PATH}/Podfile.lock\" \"${PODS_ROOT}/Manifest.lock\" > /dev/null\nif [ $? != 0 ] ; then\n    # print error to STDERR\n    echo \"error: The sandbox is not in sync with the Podfile.lock. Run 'pod install' or update your CocoaPods installation.\" >&2\n    exit 1\nfi\n# This output is used by Xcode 'outputs' to avoid re-running this script phase.\necho \"SUCCESS\" > \"${SCRIPT_OUTPUT_FILE_0}\"\n";
			showEnvVarsInLog = 0;
		};
		7DC4E88FC9BE29822A6086EB /* [CP] Copy Pods Resources */ = {
			isa = PBXShellScriptBuildPhase;
			buildActionMask = 2147483647;
			files = (
			);
			inputPaths = (
			);
			name = "[CP] Copy Pods Resources";
			outputPaths = (
			);
			runOnlyForDeploymentPostprocessing = 0;
			shellPath = /bin/sh;
			shellScript = "\"${SRCROOT}/Pods/Target Support Files/Pods-LoToDo2/Pods-LoToDo2-resources.sh\"\n";
			showEnvVarsInLog = 0;
		};
/* End PBXShellScriptBuildPhase section */

/* Begin PBXSourcesBuildPhase section */
		954D272220AB023800A05F8C /* Sources */ = {
			isa = PBXSourcesBuildPhase;
			buildActionMask = 2147483647;
			files = (
				954D272C20AB023800A05F8C /* ToDoListViewController.swift in Sources */,
				9544A9E620D9790E009E2C57 /* DataModel.xcdatamodeld in Sources */,
				954D272A20AB023800A05F8C /* AppDelegate.swift in Sources */,
				95BF6D5120FCBC4200AA270F /* CategoryTableViewController.swift in Sources */,
			);
			runOnlyForDeploymentPostprocessing = 0;
		};
/* End PBXSourcesBuildPhase section */

/* Begin PBXVariantGroup section */
		954D272D20AB023800A05F8C /* Main.storyboard */ = {
			isa = PBXVariantGroup;
			children = (
				954D272E20AB023800A05F8C /* Base */,
			);
			name = Main.storyboard;
			sourceTree = "<group>";
		};
		954D273220AB023900A05F8C /* LaunchScreen.storyboard */ = {
			isa = PBXVariantGroup;
			children = (
				954D273320AB023900A05F8C /* Base */,
			);
			name = LaunchScreen.storyboard;
			sourceTree = "<group>";
		};
/* End PBXVariantGroup section */

/* Begin XCBuildConfiguration section */
		954D273620AB023900A05F8C /* Debug */ = {
			isa = XCBuildConfiguration;
			buildSettings = {
				ALWAYS_SEARCH_USER_PATHS = NO;
				CLANG_ANALYZER_NONNULL = YES;
				CLANG_ANALYZER_NUMBER_OBJECT_CONVERSION = YES_AGGRESSIVE;
				CLANG_CXX_LANGUAGE_STANDARD = "gnu++14";
				CLANG_CXX_LIBRARY = "libc++";
				CLANG_ENABLE_MODULES = YES;
				CLANG_ENABLE_OBJC_ARC = YES;
				CLANG_ENABLE_OBJC_WEAK = YES;
				CLANG_WARN_BLOCK_CAPTURE_AUTORELEASING = YES;
				CLANG_WARN_BOOL_CONVERSION = YES;
				CLANG_WARN_COMMA = YES;
				CLANG_WARN_CONSTANT_CONVERSION = YES;
				CLANG_WARN_DEPRECATED_OBJC_IMPLEMENTATIONS = YES;
				CLANG_WARN_DIRECT_OBJC_ISA_USAGE = YES_ERROR;
				CLANG_WARN_DOCUMENTATION_COMMENTS = YES;
				CLANG_WARN_EMPTY_BODY = YES;
				CLANG_WARN_ENUM_CONVERSION = YES;
				CLANG_WARN_INFINITE_RECURSION = YES;
				CLANG_WARN_INT_CONVERSION = YES;
				CLANG_WARN_NON_LITERAL_NULL_CONVERSION = YES;
				CLANG_WARN_OBJC_IMPLICIT_RETAIN_SELF = YES;
				CLANG_WARN_OBJC_LITERAL_CONVERSION = YES;
				CLANG_WARN_OBJC_ROOT_CLASS = YES_ERROR;
				CLANG_WARN_RANGE_LOOP_ANALYSIS = YES;
				CLANG_WARN_STRICT_PROTOTYPES = YES;
				CLANG_WARN_SUSPICIOUS_MOVE = YES;
				CLANG_WARN_UNGUARDED_AVAILABILITY = YES_AGGRESSIVE;
				CLANG_WARN_UNREACHABLE_CODE = YES;
				CLANG_WARN__DUPLICATE_METHOD_MATCH = YES;
				CODE_SIGN_IDENTITY = "iPhone Developer";
				COPY_PHASE_STRIP = NO;
				DEBUG_INFORMATION_FORMAT = dwarf;
				ENABLE_STRICT_OBJC_MSGSEND = YES;
				ENABLE_TESTABILITY = YES;
				GCC_C_LANGUAGE_STANDARD = gnu11;
				GCC_DYNAMIC_NO_PIC = NO;
				GCC_NO_COMMON_BLOCKS = YES;
				GCC_OPTIMIZATION_LEVEL = 0;
				GCC_PREPROCESSOR_DEFINITIONS = (
					"DEBUG=1",
					"$(inherited)",
				);
				GCC_WARN_64_TO_32_BIT_CONVERSION = YES;
				GCC_WARN_ABOUT_RETURN_TYPE = YES_ERROR;
				GCC_WARN_UNDECLARED_SELECTOR = YES;
				GCC_WARN_UNINITIALIZED_AUTOS = YES_AGGRESSIVE;
				GCC_WARN_UNUSED_FUNCTION = YES;
				GCC_WARN_UNUSED_VARIABLE = YES;
				IPHONEOS_DEPLOYMENT_TARGET = 11.3;
				MTL_ENABLE_DEBUG_INFO = YES;
				ONLY_ACTIVE_ARCH = YES;
				SDKROOT = iphoneos;
				SWIFT_ACTIVE_COMPILATION_CONDITIONS = DEBUG;
				SWIFT_OPTIMIZATION_LEVEL = "-Onone";
			};
			name = Debug;
		};
		954D273720AB023900A05F8C /* Release */ = {
			isa = XCBuildConfiguration;
			buildSettings = {
				ALWAYS_SEARCH_USER_PATHS = NO;
				CLANG_ANALYZER_NONNULL = YES;
				CLANG_ANALYZER_NUMBER_OBJECT_CONVERSION = YES_AGGRESSIVE;
				CLANG_CXX_LANGUAGE_STANDARD = "gnu++14";
				CLANG_CXX_LIBRARY = "libc++";
				CLANG_ENABLE_MODULES = YES;
				CLANG_ENABLE_OBJC_ARC = YES;
				CLANG_ENABLE_OBJC_WEAK = YES;
				CLANG_WARN_BLOCK_CAPTURE_AUTORELEASING = YES;
				CLANG_WARN_BOOL_CONVERSION = YES;
				CLANG_WARN_COMMA = YES;
				CLANG_WARN_CONSTANT_CONVERSION = YES;
				CLANG_WARN_DEPRECATED_OBJC_IMPLEMENTATIONS = YES;
				CLANG_WARN_DIRECT_OBJC_ISA_USAGE = YES_ERROR;
				CLANG_WARN_DOCUMENTATION_COMMENTS = YES;
				CLANG_WARN_EMPTY_BODY = YES;
				CLANG_WARN_ENUM_CONVERSION = YES;
				CLANG_WARN_INFINITE_RECURSION = YES;
				CLANG_WARN_INT_CONVERSION = YES;
				CLANG_WARN_NON_LITERAL_NULL_CONVERSION = YES;
				CLANG_WARN_OBJC_IMPLICIT_RETAIN_SELF = YES;
				CLANG_WARN_OBJC_LITERAL_CONVERSION = YES;
				CLANG_WARN_OBJC_ROOT_CLASS = YES_ERROR;
				CLANG_WARN_RANGE_LOOP_ANALYSIS = YES;
				CLANG_WARN_STRICT_PROTOTYPES = YES;
				CLANG_WARN_SUSPICIOUS_MOVE = YES;
				CLANG_WARN_UNGUARDED_AVAILABILITY = YES_AGGRESSIVE;
				CLANG_WARN_UNREACHABLE_CODE = YES;
				CLANG_WARN__DUPLICATE_METHOD_MATCH = YES;
				CODE_SIGN_IDENTITY = "iPhone Developer";
				COPY_PHASE_STRIP = NO;
				DEBUG_INFORMATION_FORMAT = "dwarf-with-dsym";
				ENABLE_NS_ASSERTIONS = NO;
				ENABLE_STRICT_OBJC_MSGSEND = YES;
				GCC_C_LANGUAGE_STANDARD = gnu11;
				GCC_NO_COMMON_BLOCKS = YES;
				GCC_WARN_64_TO_32_BIT_CONVERSION = YES;
				GCC_WARN_ABOUT_RETURN_TYPE = YES_ERROR;
				GCC_WARN_UNDECLARED_SELECTOR = YES;
				GCC_WARN_UNINITIALIZED_AUTOS = YES_AGGRESSIVE;
				GCC_WARN_UNUSED_FUNCTION = YES;
				GCC_WARN_UNUSED_VARIABLE = YES;
				IPHONEOS_DEPLOYMENT_TARGET = 11.3;
				MTL_ENABLE_DEBUG_INFO = NO;
				SDKROOT = iphoneos;
				SWIFT_COMPILATION_MODE = wholemodule;
				SWIFT_OPTIMIZATION_LEVEL = "-O";
				VALIDATE_PRODUCT = YES;
			};
			name = Release;
		};
		954D273920AB023900A05F8C /* Debug */ = {
			isa = XCBuildConfiguration;
			baseConfigurationReference = 689834793B59641BA3BE5B4C /* Pods-LoToDo2.debug.xcconfig */;
			buildSettings = {
				ASSETCATALOG_COMPILER_APPICON_NAME = AppIcon;
				CODE_SIGN_STYLE = Automatic;
				DEVELOPMENT_TEAM = Y56MS5GDTQ;
				INFOPLIST_FILE = LoToDo2/Info.plist;
				LD_RUNPATH_SEARCH_PATHS = "$(inherited) @executable_path/Frameworks";
				PRODUCT_BUNDLE_IDENTIFIER = com.lorux.LoToDo2;
				PRODUCT_NAME = "$(TARGET_NAME)";
				SWIFT_VERSION = 4.0;
				TARGETED_DEVICE_FAMILY = "1,2";
			};
			name = Debug;
		};
		954D273A20AB023900A05F8C /* Release */ = {
			isa = XCBuildConfiguration;
			baseConfigurationReference = BCCD5353810572447E20DEA9 /* Pods-LoToDo2.release.xcconfig */;
			buildSettings = {
				ASSETCATALOG_COMPILER_APPICON_NAME = AppIcon;
				CODE_SIGN_STYLE = Automatic;
				DEVELOPMENT_TEAM = Y56MS5GDTQ;
				INFOPLIST_FILE = LoToDo2/Info.plist;
				LD_RUNPATH_SEARCH_PATHS = "$(inherited) @executable_path/Frameworks";
				PRODUCT_BUNDLE_IDENTIFIER = com.lorux.LoToDo2;
				PRODUCT_NAME = "$(TARGET_NAME)";
				SWIFT_VERSION = 4.0;
				TARGETED_DEVICE_FAMILY = "1,2";
			};
			name = Release;
		};
/* End XCBuildConfiguration section */

/* Begin XCConfigurationList section */
		954D272120AB023800A05F8C /* Build configuration list for PBXProject "LoToDo2" */ = {
			isa = XCConfigurationList;
			buildConfigurations = (
				954D273620AB023900A05F8C /* Debug */,
				954D273720AB023900A05F8C /* Release */,
			);
			defaultConfigurationIsVisible = 0;
			defaultConfigurationName = Release;
		};
		954D273820AB023900A05F8C /* Build configuration list for PBXNativeTarget "LoToDo2" */ = {
			isa = XCConfigurationList;
			buildConfigurations = (
				954D273920AB023900A05F8C /* Debug */,
				954D273A20AB023900A05F8C /* Release */,
			);
			defaultConfigurationIsVisible = 0;
			defaultConfigurationName = Release;
		};
/* End XCConfigurationList section */

/* Begin XCVersionGroup section */
		9544A9E420D9790E009E2C57 /* DataModel.xcdatamodeld */ = {
			isa = XCVersionGroup;
			children = (
				9544A9E520D9790E009E2C57 /* DataModel.xcdatamodel */,
			);
			currentVersion = 9544A9E520D9790E009E2C57 /* DataModel.xcdatamodel */;
			path = DataModel.xcdatamodeld;
			sourceTree = "<group>";
			versionGroupType = wrapper.xcdatamodel;
		};
/* End XCVersionGroup section */
	};
	rootObject = 954D271E20AB023800A05F8C /* Project object */;
}
